
Microsoft Visual Studio Solution File, Format Version 12.00
# Visual Studio Version 16
VisualStudioVersion = 16.0.31313.79
MinimumVisualStudioVersion = 10.0.40219.1
Project("{FAE04EC0-301F-11D3-BF4B-00C04F79EFBC}") = "GrpcStudy", "GrpcStudy\GrpcStudy.csproj", "{7860AE5A-42C3-4F0A-9078-BF6039F0FA21}"
EndProject
Project("{FAE04EC0-301F-11D3-BF4B-00C04F79EFBC}") = "GrpcAuthorClient", "GrpcAuthorClient\GrpcAuthorClient.csproj", "{6FC9A39E-B4AA-4108-953F-720D5EFB0C9F}"
EndProject
Global
	GlobalSection(SolutionConfigurationPlatforms) = preSolution
		Debug|Any CPU = Debug|Any CPU
		Release|Any CPU = Release|Any CPU
	EndGlobalSection
	GlobalSection(ProjectConfigurationPlatforms) = postSolution
		{7860AE5A-42C3-4F0A-9078-BF6039F0FA21}.Debug|Any CPU.ActiveCfg = Debug|Any CPU
		{7860AE5A-42C3-4F0A-9078-BF6039F0FA21}.Debug|Any CPU.Build.0 = Debug|Any CPU
		{7860AE5A-42C3-4F0A-9078-BF6039F0FA21}.Release|Any CPU.ActiveCfg = Release|Any CPU
		{7860AE5A-42C3-4F0A-9078-BF6039F0FA21}.Release|Any CPU.Build.0 = Release|Any CPU
		{6FC9A39E-B4AA-4108-953F-720D5EFB0C9F}.Debug|Any CPU.ActiveCfg = Debug|Any CPU
		{6FC9A39E-B4AA-4108-953F-720D5EFB0C9F}.Debug|Any CPU.Build.0 = Debug|Any CPU
		{6FC9A39E-B4AA-4108-953F-720D5EFB0C9F}.Release|Any CPU.ActiveCfg = Release|Any CPU
		{6FC9A39E-B4AA-4108-953F-720D5EFB0C9F}.Release|Any CPU.Build.0 = Release|Any CPU
	EndGlobalSection
	GlobalSection(SolutionProperties) = preSolution
		HideSolutionNode = FALSE
	EndGlobalSection
	GlobalSection(ExtensibilityGlobals) = postSolution
		SolutionGuid = {0506DAA8-F0EC-491B-A12C-FE9B7A0802AE}
	EndGlobalSection
EndGlobal
